{
  "originHash" : "53b0f4c5a98c4fa9b0bb314ab547522a8c867edfc21570dd353f58fb4a1e70a0",
  "pins" : [
    {
      "identity" : "sdl",
      "kind" : "remoteSourceControl",
      "location" : "https://github.com/PureSwift/SDL",
      "state" : {
        "revision" : "7d2a624c6881925d845052501817f630b13da623",
        "version" : "3.1.0"
      }
    }
  ],
  "version" : 3
}
