{
  "originHash" : "58f7579a97b372f95b3c9e545cc1d3fe7fbc5718cb0e9118ac02dfa440d456e1",
  "pins" : [
    {
      "identity" : "swift-argument-parser",
      "kind" : "remoteSourceControl",
      "location" : "https://github.com/apple/swift-argument-parser",
      "state" : {
        "revision" : "6a52f3251125d74daf04fcbd5e6f08a75d074382",
        "version" : "1.8.2"
      }
    },
    {
      "identity" : "swift-binary-parsing",
      "kind" : "remoteSourceControl",
      "location" : "https://github.com/apple/swift-binary-parsing",
      "state" : {
        "revision" : "2655f40f579c686d44687ac4fed54c73c3c4be2e",
        "version" : "0.0.2"
      }
    },
    {
      "identity" : "swift-lingo",
      "kind" : "remoteSourceControl",
      "location" : "https://github.com/MillerTechnologyPeru/swift-lingo.git",
      "state" : {
        "branch" : "master",
        "revision" : "9480b0dfb60403273506c9ed6bbf1c02349f2804"
      }
    },
    {
      "identity" : "swift-syntax",
      "kind" : "remoteSourceControl",
      "location" : "https://github.com/swiftlang/swift-syntax.git",
      "state" : {
        "revision" : "4799286537280063c85a32f09884cfbca301b1a1",
        "version" : "602.0.0"
      }
    }
  ],
  "version" : 3
}
