{
  "originHash" : "d1dda52b2f3762d74fb8ae5b3cfaea61add538b38190ea804ee9cabc45665b17",
  "pins" : [
    {
      "identity" : "sdl",
      "kind" : "remoteSourceControl",
      "location" : "https://github.com/PureSwift/SDL",
      "state" : {
        "revision" : "7d2a624c6881925d845052501817f630b13da623",
        "version" : "3.1.0"
      }
    }
  ],
  "version" : 3
}
