{
  "originHash" : "c7fec5959d2785dbbdc03a93f4056e13d392c988e84fcd24fb231b5ce1543945",
  "pins" : [
    {
      "identity" : "sdl",
      "kind" : "remoteSourceControl",
      "location" : "https://github.com/PureSwift/SDL",
      "state" : {
        "revision" : "7d2a624c6881925d845052501817f630b13da623",
        "version" : "3.1.0"
      }
    },
    {
      "identity" : "swift-android-native",
      "kind" : "remoteSourceControl",
      "location" : "https://github.com/swift-android-sdk/swift-android-native.git",
      "state" : {
        "revision" : "6ff6e6274fccafac7fdabb4cf7c958d747f44831",
        "version" : "2.0.1"
      }
    },
    {
      "identity" : "swift-java-jni-core",
      "kind" : "remoteSourceControl",
      "location" : "https://github.com/swiftlang/swift-java-jni-core",
      "state" : {
        "revision" : "b440a0be98381550cf189c903782e817619ffa05",
        "version" : "0.5.1"
      }
    }
  ],
  "version" : 3
}
