{
  "originHash" : "b0de355637fc74cfa98f3165759bf09adc267925d262a9866c5cef0e00b2c7f8",
  "pins" : [
    {
      "identity" : "swift-lego-draw",
      "kind" : "remoteSourceControl",
      "location" : "https://github.com/MillerTechnologyPeru/swift-lego-draw",
      "state" : {
        "branch" : "master",
        "revision" : "51f2a1762c67f20fe33a6cd4b468d0e065982f87"
      }
    }
  ],
  "version" : 3
}
