{
  "originHash" : "85bdf4afee3c79d4e91bdc7883de35becf77813506067c7fae275663e8645017",
  "pins" : [
    {
      "identity" : "javascriptkit",
      "kind" : "remoteSourceControl",
      "location" : "https://github.com/swiftwasm/JavaScriptKit.git",
      "state" : {
        "revision" : "22905075f8b61834810babe5fb9a2f613f22f398",
        "version" : "0.56.1"
      }
    },
    {
      "identity" : "swift-argument-parser",
      "kind" : "remoteSourceControl",
      "location" : "https://github.com/apple/swift-argument-parser",
      "state" : {
        "revision" : "6a52f3251125d74daf04fcbd5e6f08a75d074382",
        "version" : "1.8.2"
      }
    },
    {
      "identity" : "swift-binary-parsing",
      "kind" : "remoteSourceControl",
      "location" : "https://github.com/apple/swift-binary-parsing",
      "state" : {
        "revision" : "2655f40f579c686d44687ac4fed54c73c3c4be2e",
        "version" : "0.0.2"
      }
    },
    {
      "identity" : "swift-lingo",
      "kind" : "remoteSourceControl",
      "location" : "https://github.com/MillerTechnologyPeru/swift-lingo.git",
      "state" : {
        "branch" : "master",
        "revision" : "9480b0dfb60403273506c9ed6bbf1c02349f2804"
      }
    },
    {
      "identity" : "swift-syntax",
      "kind" : "remoteSourceControl",
      "location" : "https://github.com/swiftlang/swift-syntax",
      "state" : {
        "revision" : "4799286537280063c85a32f09884cfbca301b1a1",
        "version" : "602.0.0"
      }
    }
  ],
  "version" : 3
}
